
Microsoft Visual Studio Solution File, Format Version 12.00
# Visual Studio Version 17
VisualStudioVersion = 17.2.32616.157
MinimumVisualStudioVersion = 10.0.40219.1
Project("{9A19103F-16F7-4668-BE54-9A1E7A4F7556}") = "Linker.ConsoleUI", "Linker.ConsoleUI\Linker.ConsoleUI.csproj", "{9BDF7E70-01E7-40BF-9213-5D7170C1DF78}"
EndProject
Project("{9A19103F-16F7-4668-BE54-9A1E7A4F7556}") = "Linker.Core", "Linker.Core\Linker.Core.csproj", "{D3D1511C-FEBA-4706-B4A5-8E6D3ECE2AFD}"
EndProject
Project("{9A19103F-16F7-4668-BE54-9A1E7A4F7556}") = "Linker.ConsoleUI.UnitTests", "Linker.ConsoleUI.UnitTests\Linker.ConsoleUI.UnitTests.csproj", "{7BAB20C8-92BF-401B-AB0A-43A4E770E4FB}"
EndProject
Project("{2150E333-8FDC-42A3-9474-1A3956D46DE8}") = "Solution Items", "Solution Items", "{21CDCA09-0C30-4F52-BA2F-AF86E214CCD8}"
	ProjectSection(SolutionItems) = preProject
		.editorconfig = .editorconfig
		..\.gitattributes = ..\.gitattributes
		..\.gitignore = ..\.gitignore
		..\CITATION.cff = ..\CITATION.cff
		Directory.Build.props = Directory.Build.props
		..\.github\workflows\dotnet.yml = ..\.github\workflows\dotnet.yml
		..\LICENSE = ..\LICENSE
		package.json = package.json
		pnpm-workspace.yaml = pnpm-workspace.yaml
		..\README.md = ..\README.md
	EndProjectSection
EndProject
Project("{9A19103F-16F7-4668-BE54-9A1E7A4F7556}") = "Linker.Common", "Linker.Common\Linker.Common.csproj", "{C6B2C776-D055-47F5-85BD-F85278A364CE}"
EndProject
Project("{9A19103F-16F7-4668-BE54-9A1E7A4F7556}") = "Linker.Common.UnitTests", "Linker.Common.UnitTests\Linker.Common.UnitTests.csproj", "{86E6ACAF-E844-436F-B24C-D02E628702A5}"
EndProject
Project("{9A19103F-16F7-4668-BE54-9A1E7A4F7556}") = "Linker.TestCore", "Linker.TestCore\Linker.TestCore.csproj", "{8AAFBE41-410A-4970-BCCF-ED4CF74F0450}"
EndProject
Project("{2150E333-8FDC-42A3-9474-1A3956D46DE8}") = "Tests", "Tests", "{BBC61F6D-2D80-4378-838C-293E555DC3A4}"
EndProject
Project("{9A19103F-16F7-4668-BE54-9A1E7A4F7556}") = "Linker.WebApi", "Linker.WebApi\Linker.WebApi.csproj", "{01AA4BB8-58F1-4A92-BD3A-0336DE122471}"
EndProject
Project("{9A19103F-16F7-4668-BE54-9A1E7A4F7556}") = "Linker.Data", "Linker.Data\Linker.Data.csproj", "{158AB987-02DC-4F2F-BC2C-52CF463AEF25}"
EndProject
Project("{9A19103F-16F7-4668-BE54-9A1E7A4F7556}") = "Linker.Debugger", "Linker.Debugger\Linker.Debugger.csproj", "{C28E0E46-000D-4901-BEC6-E73147D97FA1}"
EndProject
Project("{9A19103F-16F7-4668-BE54-9A1E7A4F7556}") = "Linker.WebApi.UnitTests", "Linker.WebApi.UnitTests\Linker.WebApi.UnitTests.csproj", "{24977AFD-468C-4D35-A9F6-2A27F97DB77B}"
EndProject
Project("{9A19103F-16F7-4668-BE54-9A1E7A4F7556}") = "Linker.Wpf", "Linker.Wpf\Linker.Wpf.csproj", "{3A8A450B-D72E-4898-B6B1-5B4483D27087}"
EndProject
Project("{9A19103F-16F7-4668-BE54-9A1E7A4F7556}") = "Linker.Preprocess", "Linker.Preprocess\Linker.Preprocess.csproj", "{C462614C-3BDF-49CC-A362-4C5C3C3430D2}"
EndProject
Project("{2150E333-8FDC-42A3-9474-1A3956D46DE8}") = "Tools", "Tools", "{C091C279-4ADF-467E-8986-79FE7414B1D2}"
EndProject
Project("{9A19103F-16F7-4668-BE54-9A1E7A4F7556}") = "Linker.WebJob", "Linker.WebJob\Linker.WebJob.csproj", "{7AA93315-4ED3-4386-8A37-150527C190E1}"
EndProject
Project("{9A19103F-16F7-4668-BE54-9A1E7A4F7556}") = "Linker.WebApi.IntegrationTests", "Linker.WebApi.IntegrationTests\Linker.WebApi.IntegrationTests.csproj", "{E290C6CC-BDD1-4FDC-B546-E0E9854F0D6D}"
EndProject
Project("{9A19103F-16F7-4668-BE54-9A1E7A4F7556}") = "Linker.Mvc", "Linker.Mvc\Linker.Mvc.csproj", "{60034221-727B-49A6-BA27-C8D7CB5AE784}"
EndProject
Project("{9A19103F-16F7-4668-BE54-9A1E7A4F7556}") = "Linker.GraphQL", "Linker.GraphQL\Linker.GraphQL.csproj", "{F585C28D-A62C-4E36-AC93-3C77A93FAC15}"
EndProject
Project("{9A19103F-16F7-4668-BE54-9A1E7A4F7556}") = "Linker.Mvc.UnitTests", "Linker.Mvc.UnitTests\Linker.Mvc.UnitTests.csproj", "{428F405D-8BDB-4C2F-9E3A-24CCB78D5A71}"
EndProject
Project("{9A19103F-16F7-4668-BE54-9A1E7A4F7556}") = "Linker.GrpcServer", "Linker.GrpcServer\Linker.GrpcServer.csproj", "{CF4B4CE8-E697-41F1-9FAD-03DE06228079}"
EndProject
Project("{9A19103F-16F7-4668-BE54-9A1E7A4F7556}") = "Linker.Data.UnitTests.SpecFlow", "Linker.Data.UnitTests.SpecFlow\Linker.Data.UnitTests.SpecFlow.csproj", "{70774FD9-D606-4CC4-B30F-92938326ACB7}"
EndProject
Project("{9A19103F-16F7-4668-BE54-9A1E7A4F7556}") = "Linker.Core.V2", "Linker.Core.V2\Linker.Core.V2.csproj", "{F1AA35C0-C64E-4ECF-A41E-C632018121C0}"
EndProject
Project("{00D1A9C2-B5F0-4AF3-8072-F6C62B433612}") = "Linker.Database", "Linker.Database\Linker.Database.sqlproj", "{F7A0BEEC-6ABB-408E-A940-027128BFFDEB}"
EndProject
Project("{FAE04EC0-301F-11D3-BF4B-00C04F79EFBC}") = "Linker.Integrations", "Linker.Integrations\Linker.Integrations.csproj", "{8C9689C5-DC58-4794-B418-B411EA91A216}"
EndProject
Project("{FAE04EC0-301F-11D3-BF4B-00C04F79EFBC}") = "Linker.Integrations.UnitTests", "Linker.Integrations.UnitTests\Linker.Integrations.UnitTests.csproj", "{2BF291C7-2541-4599-A945-728A29CD24CE}"
EndProject
Global
	GlobalSection(SolutionConfigurationPlatforms) = preSolution
		Debug|Any CPU = Debug|Any CPU
		Release|Any CPU = Release|Any CPU
	EndGlobalSection
	GlobalSection(ProjectConfigurationPlatforms) = postSolution
		{9BDF7E70-01E7-40BF-9213-5D7170C1DF78}.Debug|Any CPU.ActiveCfg = Debug|Any CPU
		{9BDF7E70-01E7-40BF-9213-5D7170C1DF78}.Debug|Any CPU.Build.0 = Debug|Any CPU
		{9BDF7E70-01E7-40BF-9213-5D7170C1DF78}.Release|Any CPU.ActiveCfg = Release|Any CPU
		{9BDF7E70-01E7-40BF-9213-5D7170C1DF78}.Release|Any CPU.Build.0 = Release|Any CPU
		{D3D1511C-FEBA-4706-B4A5-8E6D3ECE2AFD}.Debug|Any CPU.ActiveCfg = Debug|Any CPU
		{D3D1511C-FEBA-4706-B4A5-8E6D3ECE2AFD}.Debug|Any CPU.Build.0 = Debug|Any CPU
		{D3D1511C-FEBA-4706-B4A5-8E6D3ECE2AFD}.Release|Any CPU.ActiveCfg = Release|Any CPU
		{D3D1511C-FEBA-4706-B4A5-8E6D3ECE2AFD}.Release|Any CPU.Build.0 = Release|Any CPU
		{7BAB20C8-92BF-401B-AB0A-43A4E770E4FB}.Debug|Any CPU.ActiveCfg = Debug|Any CPU
		{7BAB20C8-92BF-401B-AB0A-43A4E770E4FB}.Debug|Any CPU.Build.0 = Debug|Any CPU
		{7BAB20C8-92BF-401B-AB0A-43A4E770E4FB}.Release|Any CPU.ActiveCfg = Release|Any CPU
		{7BAB20C8-92BF-401B-AB0A-43A4E770E4FB}.Release|Any CPU.Build.0 = Release|Any CPU
		{C6B2C776-D055-47F5-85BD-F85278A364CE}.Debug|Any CPU.ActiveCfg = Debug|Any CPU
		{C6B2C776-D055-47F5-85BD-F85278A364CE}.Debug|Any CPU.Build.0 = Debug|Any CPU
		{C6B2C776-D055-47F5-85BD-F85278A364CE}.Release|Any CPU.ActiveCfg = Release|Any CPU
		{C6B2C776-D055-47F5-85BD-F85278A364CE}.Release|Any CPU.Build.0 = Release|Any CPU
		{86E6ACAF-E844-436F-B24C-D02E628702A5}.Debug|Any CPU.ActiveCfg = Debug|Any CPU
		{86E6ACAF-E844-436F-B24C-D02E628702A5}.Debug|Any CPU.Build.0 = Debug|Any CPU
		{86E6ACAF-E844-436F-B24C-D02E628702A5}.Release|Any CPU.ActiveCfg = Release|Any CPU
		{86E6ACAF-E844-436F-B24C-D02E628702A5}.Release|Any CPU.Build.0 = Release|Any CPU
		{8AAFBE41-410A-4970-BCCF-ED4CF74F0450}.Debug|Any CPU.ActiveCfg = Debug|Any CPU
		{8AAFBE41-410A-4970-BCCF-ED4CF74F0450}.Debug|Any CPU.Build.0 = Debug|Any CPU
		{8AAFBE41-410A-4970-BCCF-ED4CF74F0450}.Release|Any CPU.ActiveCfg = Release|Any CPU
		{8AAFBE41-410A-4970-BCCF-ED4CF74F0450}.Release|Any CPU.Build.0 = Release|Any CPU
		{01AA4BB8-58F1-4A92-BD3A-0336DE122471}.Debug|Any CPU.ActiveCfg = Debug|Any CPU
		{01AA4BB8-58F1-4A92-BD3A-0336DE122471}.Debug|Any CPU.Build.0 = Debug|Any CPU
		{01AA4BB8-58F1-4A92-BD3A-0336DE122471}.Release|Any CPU.ActiveCfg = Release|Any CPU
		{01AA4BB8-58F1-4A92-BD3A-0336DE122471}.Release|Any CPU.Build.0 = Release|Any CPU
		{158AB987-02DC-4F2F-BC2C-52CF463AEF25}.Debug|Any CPU.ActiveCfg = Debug|Any CPU
		{158AB987-02DC-4F2F-BC2C-52CF463AEF25}.Debug|Any CPU.Build.0 = Debug|Any CPU
		{158AB987-02DC-4F2F-BC2C-52CF463AEF25}.Release|Any CPU.ActiveCfg = Release|Any CPU
		{158AB987-02DC-4F2F-BC2C-52CF463AEF25}.Release|Any CPU.Build.0 = Release|Any CPU
		{C28E0E46-000D-4901-BEC6-E73147D97FA1}.Debug|Any CPU.ActiveCfg = Debug|Any CPU
		{C28E0E46-000D-4901-BEC6-E73147D97FA1}.Debug|Any CPU.Build.0 = Debug|Any CPU
		{C28E0E46-000D-4901-BEC6-E73147D97FA1}.Release|Any CPU.ActiveCfg = Release|Any CPU
		{C28E0E46-000D-4901-BEC6-E73147D97FA1}.Release|Any CPU.Build.0 = Release|Any CPU
		{24977AFD-468C-4D35-A9F6-2A27F97DB77B}.Debug|Any CPU.ActiveCfg = Debug|Any CPU
		{24977AFD-468C-4D35-A9F6-2A27F97DB77B}.Debug|Any CPU.Build.0 = Debug|Any CPU
		{24977AFD-468C-4D35-A9F6-2A27F97DB77B}.Release|Any CPU.ActiveCfg = Release|Any CPU
		{24977AFD-468C-4D35-A9F6-2A27F97DB77B}.Release|Any CPU.Build.0 = Release|Any CPU
		{3A8A450B-D72E-4898-B6B1-5B4483D27087}.Debug|Any CPU.ActiveCfg = Debug|Any CPU
		{3A8A450B-D72E-4898-B6B1-5B4483D27087}.Debug|Any CPU.Build.0 = Debug|Any CPU
		{3A8A450B-D72E-4898-B6B1-5B4483D27087}.Release|Any CPU.ActiveCfg = Release|Any CPU
		{3A8A450B-D72E-4898-B6B1-5B4483D27087}.Release|Any CPU.Build.0 = Release|Any CPU
		{C462614C-3BDF-49CC-A362-4C5C3C3430D2}.Debug|Any CPU.ActiveCfg = Debug|Any CPU
		{C462614C-3BDF-49CC-A362-4C5C3C3430D2}.Debug|Any CPU.Build.0 = Debug|Any CPU
		{C462614C-3BDF-49CC-A362-4C5C3C3430D2}.Release|Any CPU.ActiveCfg = Release|Any CPU
		{C462614C-3BDF-49CC-A362-4C5C3C3430D2}.Release|Any CPU.Build.0 = Release|Any CPU
		{7AA93315-4ED3-4386-8A37-150527C190E1}.Debug|Any CPU.ActiveCfg = Debug|Any CPU
		{7AA93315-4ED3-4386-8A37-150527C190E1}.Debug|Any CPU.Build.0 = Debug|Any CPU
		{7AA93315-4ED3-4386-8A37-150527C190E1}.Release|Any CPU.ActiveCfg = Release|Any CPU
		{7AA93315-4ED3-4386-8A37-150527C190E1}.Release|Any CPU.Build.0 = Release|Any CPU
		{E290C6CC-BDD1-4FDC-B546-E0E9854F0D6D}.Debug|Any CPU.ActiveCfg = Debug|Any CPU
		{E290C6CC-BDD1-4FDC-B546-E0E9854F0D6D}.Debug|Any CPU.Build.0 = Debug|Any CPU
		{E290C6CC-BDD1-4FDC-B546-E0E9854F0D6D}.Release|Any CPU.ActiveCfg = Release|Any CPU
		{E290C6CC-BDD1-4FDC-B546-E0E9854F0D6D}.Release|Any CPU.Build.0 = Release|Any CPU
		{60034221-727B-49A6-BA27-C8D7CB5AE784}.Debug|Any CPU.ActiveCfg = Debug|Any CPU
		{60034221-727B-49A6-BA27-C8D7CB5AE784}.Debug|Any CPU.Build.0 = Debug|Any CPU
		{60034221-727B-49A6-BA27-C8D7CB5AE784}.Release|Any CPU.ActiveCfg = Release|Any CPU
		{60034221-727B-49A6-BA27-C8D7CB5AE784}.Release|Any CPU.Build.0 = Release|Any CPU
		{F585C28D-A62C-4E36-AC93-3C77A93FAC15}.Debug|Any CPU.ActiveCfg = Debug|Any CPU
		{F585C28D-A62C-4E36-AC93-3C77A93FAC15}.Debug|Any CPU.Build.0 = Debug|Any CPU
		{F585C28D-A62C-4E36-AC93-3C77A93FAC15}.Release|Any CPU.ActiveCfg = Release|Any CPU
		{F585C28D-A62C-4E36-AC93-3C77A93FAC15}.Release|Any CPU.Build.0 = Release|Any CPU
		{428F405D-8BDB-4C2F-9E3A-24CCB78D5A71}.Debug|Any CPU.ActiveCfg = Debug|Any CPU
		{428F405D-8BDB-4C2F-9E3A-24CCB78D5A71}.Debug|Any CPU.Build.0 = Debug|Any CPU
		{428F405D-8BDB-4C2F-9E3A-24CCB78D5A71}.Release|Any CPU.ActiveCfg = Release|Any CPU
		{428F405D-8BDB-4C2F-9E3A-24CCB78D5A71}.Release|Any CPU.Build.0 = Release|Any CPU
		{CF4B4CE8-E697-41F1-9FAD-03DE06228079}.Debug|Any CPU.ActiveCfg = Debug|Any CPU
		{CF4B4CE8-E697-41F1-9FAD-03DE06228079}.Debug|Any CPU.Build.0 = Debug|Any CPU
		{CF4B4CE8-E697-41F1-9FAD-03DE06228079}.Release|Any CPU.ActiveCfg = Release|Any CPU
		{CF4B4CE8-E697-41F1-9FAD-03DE06228079}.Release|Any CPU.Build.0 = Release|Any CPU
		{70774FD9-D606-4CC4-B30F-92938326ACB7}.Debug|Any CPU.ActiveCfg = Debug|Any CPU
		{70774FD9-D606-4CC4-B30F-92938326ACB7}.Debug|Any CPU.Build.0 = Debug|Any CPU
		{70774FD9-D606-4CC4-B30F-92938326ACB7}.Release|Any CPU.ActiveCfg = Release|Any CPU
		{70774FD9-D606-4CC4-B30F-92938326ACB7}.Release|Any CPU.Build.0 = Release|Any CPU
		{F1AA35C0-C64E-4ECF-A41E-C632018121C0}.Debug|Any CPU.ActiveCfg = Debug|Any CPU
		{F1AA35C0-C64E-4ECF-A41E-C632018121C0}.Debug|Any CPU.Build.0 = Debug|Any CPU
		{F1AA35C0-C64E-4ECF-A41E-C632018121C0}.Release|Any CPU.ActiveCfg = Release|Any CPU
		{F1AA35C0-C64E-4ECF-A41E-C632018121C0}.Release|Any CPU.Build.0 = Release|Any CPU
		{F7A0BEEC-6ABB-408E-A940-027128BFFDEB}.Debug|Any CPU.ActiveCfg = Debug|Any CPU
		{F7A0BEEC-6ABB-408E-A940-027128BFFDEB}.Debug|Any CPU.Deploy.0 = Debug|Any CPU
		{F7A0BEEC-6ABB-408E-A940-027128BFFDEB}.Release|Any CPU.ActiveCfg = Release|Any CPU
		{F7A0BEEC-6ABB-408E-A940-027128BFFDEB}.Release|Any CPU.Build.0 = Release|Any CPU
		{F7A0BEEC-6ABB-408E-A940-027128BFFDEB}.Release|Any CPU.Deploy.0 = Release|Any CPU
		{8C9689C5-DC58-4794-B418-B411EA91A216}.Debug|Any CPU.ActiveCfg = Debug|Any CPU
		{8C9689C5-DC58-4794-B418-B411EA91A216}.Debug|Any CPU.Build.0 = Debug|Any CPU
		{8C9689C5-DC58-4794-B418-B411EA91A216}.Release|Any CPU.ActiveCfg = Release|Any CPU
		{8C9689C5-DC58-4794-B418-B411EA91A216}.Release|Any CPU.Build.0 = Release|Any CPU
		{2BF291C7-2541-4599-A945-728A29CD24CE}.Debug|Any CPU.ActiveCfg = Debug|Any CPU
		{2BF291C7-2541-4599-A945-728A29CD24CE}.Debug|Any CPU.Build.0 = Debug|Any CPU
		{2BF291C7-2541-4599-A945-728A29CD24CE}.Release|Any CPU.ActiveCfg = Release|Any CPU
		{2BF291C7-2541-4599-A945-728A29CD24CE}.Release|Any CPU.Build.0 = Release|Any CPU
	EndGlobalSection
	GlobalSection(SolutionProperties) = preSolution
		HideSolutionNode = FALSE
	EndGlobalSection
	GlobalSection(NestedProjects) = preSolution
		{7BAB20C8-92BF-401B-AB0A-43A4E770E4FB} = {BBC61F6D-2D80-4378-838C-293E555DC3A4}
		{86E6ACAF-E844-436F-B24C-D02E628702A5} = {BBC61F6D-2D80-4378-838C-293E555DC3A4}
		{8AAFBE41-410A-4970-BCCF-ED4CF74F0450} = {BBC61F6D-2D80-4378-838C-293E555DC3A4}
		{24977AFD-468C-4D35-A9F6-2A27F97DB77B} = {BBC61F6D-2D80-4378-838C-293E555DC3A4}
		{C462614C-3BDF-49CC-A362-4C5C3C3430D2} = {C091C279-4ADF-467E-8986-79FE7414B1D2}
		{E290C6CC-BDD1-4FDC-B546-E0E9854F0D6D} = {BBC61F6D-2D80-4378-838C-293E555DC3A4}
		{428F405D-8BDB-4C2F-9E3A-24CCB78D5A71} = {BBC61F6D-2D80-4378-838C-293E555DC3A4}
		{70774FD9-D606-4CC4-B30F-92938326ACB7} = {BBC61F6D-2D80-4378-838C-293E555DC3A4}
	EndGlobalSection
	GlobalSection(ExtensibilityGlobals) = postSolution
		SolutionGuid = {3DB3E075-46BF-4E1A-A501-A235EABA9D54}
	EndGlobalSection
EndGlobal
